
Microsoft Visual Studio Solution File, Format Version 12.00
# Visual Studio Version 17
VisualStudioVersion = 17.11.35219.272
MinimumVisualStudioVersion = 10.0.40219.1
Project("{8BC9CEB8-8B4A-11D0-8D11-00A0C91BC942}") = "parser", "parser\parser.vcxproj", "{24FF73FA-BF73-4AF5-907D-3D26CCE42842}"
EndProject
Project("{8BC9CEB8-8B4A-11D0-8D11-00A0C91BC942}") = "parser-tests", "parser-tests\parser-tests.vcxproj", "{A5316180-99FF-4A7A-8B6B-959125FAC01A}"
	ProjectSection(ProjectDependencies) = postProject
		{24FF73FA-BF73-4AF5-907D-3D26CCE42842} = {24FF73FA-BF73-4AF5-907D-3D26CCE42842}
	EndProjectSection
EndProject
Project("{2150E333-8FDC-42A3-9474-1A3956D46DE8}") = "Solution Items", "Solution Items", "{2B8A934A-3C52-447E-9D67-22BB4EEE35A0}"
	ProjectSection(SolutionItems) = preProject
		.editorconfig = .editorconfig
	EndProjectSection
EndProject
Global
	GlobalSection(SolutionConfigurationPlatforms) = preSolution
		Debug|x64 = Debug|x64
		Debug|x86 = Debug|x86
		Release|x64 = Release|x64
		Release|x86 = Release|x86
	EndGlobalSection
	GlobalSection(ProjectConfigurationPlatforms) = postSolution
		{24FF73FA-BF73-4AF5-907D-3D26CCE42842}.Debug|x64.ActiveCfg = Debug|x64
		{24FF73FA-BF73-4AF5-907D-3D26CCE42842}.Debug|x64.Build.0 = Debug|x64
		{24FF73FA-BF73-4AF5-907D-3D26CCE42842}.Debug|x86.ActiveCfg = Debug|Win32
		{24FF73FA-BF73-4AF5-907D-3D26CCE42842}.Debug|x86.Build.0 = Debug|Win32
		{24FF73FA-BF73-4AF5-907D-3D26CCE42842}.Release|x64.ActiveCfg = Release|x64
		{24FF73FA-BF73-4AF5-907D-3D26CCE42842}.Release|x64.Build.0 = Release|x64
		{24FF73FA-BF73-4AF5-907D-3D26CCE42842}.Release|x86.ActiveCfg = Release|Win32
		{24FF73FA-BF73-4AF5-907D-3D26CCE42842}.Release|x86.Build.0 = Release|Win32
		{A5316180-99FF-4A7A-8B6B-959125FAC01A}.Debug|x64.ActiveCfg = Debug|x64
		{A5316180-99FF-4A7A-8B6B-959125FAC01A}.Debug|x64.Build.0 = Debug|x64
		{A5316180-99FF-4A7A-8B6B-959125FAC01A}.Debug|x86.ActiveCfg = Debug|Win32
		{A5316180-99FF-4A7A-8B6B-959125FAC01A}.Debug|x86.Build.0 = Debug|Win32
		{A5316180-99FF-4A7A-8B6B-959125FAC01A}.Release|x64.ActiveCfg = Release|x64
		{A5316180-99FF-4A7A-8B6B-959125FAC01A}.Release|x64.Build.0 = Release|x64
		{A5316180-99FF-4A7A-8B6B-959125FAC01A}.Release|x86.ActiveCfg = Release|Win32
		{A5316180-99FF-4A7A-8B6B-959125FAC01A}.Release|x86.Build.0 = Release|Win32
	EndGlobalSection
	GlobalSection(SolutionProperties) = preSolution
		HideSolutionNode = FALSE
	EndGlobalSection
	GlobalSection(ExtensibilityGlobals) = postSolution
		SolutionGuid = {4FF60495-9F86-430F-ACA6-8A9FE2C34ACA}
	EndGlobalSection
EndGlobal
